{
    "_readme": [
        "This file locks the dependencies of your project to a known state",
        "Read more about it at https://getcomposer.org/doc/01-basic-usage.md#composer-lock-the-lock-file",
        "This file is @generated automatically"
    ],
    "content-hash": "c57ad436fbb5099ffc2ff646bf440def",
    "packages": [
        {
            "name": "cakephp/collection",
            "version": "3.5.2",
            "source": {
                "type": "git",
                "url": "https://github.com/cakephp/collection.git",
                "reference": "296976daf96503fb82cef2b6510124367b03287b"
            },
            "dist": {
                "type": "zip",
                "url": "https://api.github.com/repos/cakephp/collection/zipball/296976daf96503fb82cef2b6510124367b03287b",
                "reference": "296976daf96503fb82cef2b6510124367b03287b",
                "shasum": ""
            },
            "require": {
                "php": ">=5.6.0"
            },
            "type": "library",
            "autoload": {
                "psr-4": {
                    "Cake\\Collection\\": "."
                },
                "files": [
                    "functions.php"
                ]
            },
            "notification-url": "https://packagist.org/downloads/",
            "license": [
                "MIT"
            ],
            "authors": [
                {
                    "name": "CakePHP Community",
                    "homepage": "https://github.com/cakephp/collection/graphs/contributors"
                }
            ],
            "description": "Work easily with arrays and iterators by having a battery of utility traversal methods",
            "homepage": "https://cakephp.org",
            "keywords": [
                "arrays",
                "cakephp",
                "collections",
                "iterators"
            ],
            "time": "2017-08-22T10:23:32+00:00"
        },
        {
            "name": "cakephp/core",
            "version": "3.5.2",
            "source": {
                "type": "git",
                "url": "https://github.com/cakephp/core.git",
                "reference": "a029646f26d60f0bd728ec6ca2a8367d60fc574f"
            },
            "dist": {
                "type": "zip",
                "url": "https://api.github.com/repos/cakephp/core/zipball/a029646f26d60f0bd728ec6ca2a8367d60fc574f",
                "reference": "a029646f26d60f0bd728ec6ca2a8367d60fc574f",
                "shasum": ""
            },
            "require": {
                "cakephp/utility": "^3.0.0",
                "php": ">=5.6.0"
            },
            "type": "library",
            "autoload": {
                "psr-4": {
                    "Cake\\Core\\": "."
                },
                "files": [
                    "functions.php"
                ]
            },
            "notification-url": "https://packagist.org/downloads/",
            "license": [
                "MIT"
            ],
            "authors": [
                {
                    "name": "CakePHP Community",
                    "homepage": "https://github.com/cakephp/core/graphs/contributors"
                }
            ],
            "description": "CakePHP Framework Core classes",
            "homepage": "https://cakephp.org",
            "keywords": [
                "cakephp",
                "core",
                "framework"
            ],
            "time": "2017-08-24T15:17:27+00:00"
        },
        {
            "name": "cakephp/database",
            "version": "3.5.2",
            "source": {
                "type": "git",
                "url": "https://github.com/cakephp/database.git",
                "reference": "d67973112368afebc033ae19fbd847fb1742de9a"
            },
            "dist": {
                "type": "zip",
                "url": "https://api.github.com/repos/cakephp/database/zipball/d67973112368afebc033ae19fbd847fb1742de9a",
                "reference": "d67973112368afebc033ae19fbd847fb1742de9a",
                "shasum": ""
            },
            "require": {
                "cakephp/core": "^3.0.0",
                "cakephp/datasource": "^3.0.0",
                "php": ">=5.6.0"
            },
            "suggest": {
                "cakephp/cache": "Require this if you decide to use the schema caching feature",
                "cakephp/log": "Require this if you want to use the built-in query logger"
            },
            "type": "library",
            "autoload": {
                "psr-4": {
                    "Cake\\Database\\": "."
                }
            },
            "notification-url": "https://packagist.org/downloads/",
            "license": [
                "MIT"
            ],
            "authors": [
                {
                    "name": "CakePHP Community",
                    "homepage": "https://github.com/cakephp/database/graphs/contributors"
                }
            ],
            "description": "Flexible and powerful Database abstraction library with a familiar PDO-like API",
            "homepage": "https://cakephp.org",
            "keywords": [
                "abstraction",
                "cakephp",
                "database",
                "database abstraction",
                "pdo"
            ],
            "time": "2017-08-27T02:07:56+00:00"
        },
        {
            "name": "cakephp/datasource",
            "version": "3.5.2",
            "source": {
                "type": "git",
                "url": "https://github.com/cakephp/datasource.git",
                "reference": "2263cec23b31098c5a49fe12cc55c553cee07b12"
            },
            "dist": {
                "type": "zip",
                "url": "https://api.github.com/repos/cakephp/datasource/zipball/2263cec23b31098c5a49fe12cc55c553cee07b12",
                "reference": "2263cec23b31098c5a49fe12cc55c553cee07b12",
                "shasum": ""
            },
            "require": {
                "cakephp/core": "^3.0.0",
                "php": ">=5.6.0"
            },
            "suggest": {
                "cakephp/collection": "Require this if you decide to use ResultSetInterface",
                "cakephp/utility": "Require this if you decide to use EntityTrait"
            },
            "type": "library",
            "autoload": {
                "psr-4": {
                    "Cake\\Datasource\\": "."
                }
            },
            "notification-url": "https://packagist.org/downloads/",
            "license": [
                "MIT"
            ],
            "authors": [
                {
                    "name": "CakePHP Community",
                    "homepage": "https://github.com/cakephp/datasource/graphs/contributors"
                }
            ],
            "description": "Provides connection managing and traits for Entities and Queries that can be reused for different datastores",
            "homepage": "https://cakephp.org",
            "keywords": [
                "cakephp",
                "connection management",
                "datasource",
                "entity",
                "query"
            ],
            "time": "2017-08-22T01:30:58+00:00"
        },
        {
            "name": "cakephp/event",
            "version": "3.5.2",
            "source": {
                "type": "git",
                "url": "https://github.com/cakephp/event.git",
                "reference": "f24bbe17322f236a3be0976357cc27c09d98b0c0"
            },
            "dist": {
                "type": "zip",
                "url": "https://api.github.com/repos/cakephp/event/zipball/f24bbe17322f236a3be0976357cc27c09d98b0c0",
                "reference": "f24bbe17322f236a3be0976357cc27c09d98b0c0",
                "shasum": ""
            },
            "require": {
                "php": ">=5.6.0"
            },
            "type": "library",
            "autoload": {
                "psr-4": {
                    "Cake\\Event\\": "."
                }
            },
            "notification-url": "https://packagist.org/downloads/",
            "license": [
                "MIT"
            ],
            "authors": [
                {
                    "name": "CakePHP Community",
                    "homepage": "https://github.com/cakephp/event/graphs/contributors"
                }
            ],
            "description": "CakePHP event dispatcher library that helps implementing the observer pattern",
            "homepage": "https://cakephp.org",
            "keywords": [
                "cakephp",
                "dispatcher",
                "event",
                "observer pattern"
            ],
            "time": "2017-07-28T12:42:04+00:00"
        },
        {
            "name": "cakephp/orm",
            "version": "3.5.2",
            "source": {
                "type": "git",
                "url": "https://github.com/cakephp/orm.git",
                "reference": "4721abbc9ddd36359ba86a76ca892bf7c8cc0311"
            },
            "dist": {
                "type": "zip",
                "url": "https://api.github.com/repos/cakephp/orm/zipball/4721abbc9ddd36359ba86a76ca892bf7c8cc0311",
                "reference": "4721abbc9ddd36359ba86a76ca892bf7c8cc0311",
                "shasum": ""
            },
            "require": {
                "cakephp/collection": "^3.0.0",
                "cakephp/core": "^3.0.0",
                "cakephp/database": "^3.1.4",
                "cakephp/datasource": "^3.1.2",
                "cakephp/event": "^3.0.0",
                "cakephp/utility": "^3.0.0",
                "cakephp/validation": "^3.0.0",
                "php": ">=5.6.0"
            },
            "suggest": {
                "cakephp/i18n": "If you are using Translate / Timestamp Behavior."
            },
            "type": "library",
            "autoload": {
                "psr-4": {
                    "Cake\\ORM\\": "."
                }
            },
            "notification-url": "https://packagist.org/downloads/",
            "license": [
                "MIT"
            ],
            "authors": [
                {
                    "name": "CakePHP Community",
                    "homepage": "https://github.com/cakephp/orm/graphs/contributors"
                }
            ],
            "description": "CakePHP ORM - Provides a flexible and powerful ORM implementing a data-mapper pattern.",
            "homepage": "https://cakephp.org",
            "keywords": [
                "cakephp",
                "data-mapper",
                "data-mapper pattern",
                "orm"
            ],
            "time": "2017-08-29T04:16:09+00:00"
        },
        {
            "name": "cakephp/utility",
            "version": "3.5.2",
            "source": {
                "type": "git",
                "url": "https://github.com/cakephp/utility.git",
                "reference": "0e4438cb671e1a4bb75f3ef5e1f03b84cc60cd67"
            },
            "dist": {
                "type": "zip",
                "url": "https://api.github.com/repos/cakephp/utility/zipball/0e4438cb671e1a4bb75f3ef5e1f03b84cc60cd67",
                "reference": "0e4438cb671e1a4bb75f3ef5e1f03b84cc60cd67",
                "shasum": ""
            },
            "require": {
                "php": ">=5.6.0"
            },
            "suggest": {
                "ext-intl": "To use Text::transliterate() or Text::slug()",
                "lib-ICU": "To use Text::transliterate() or Text::slug()"
            },
            "type": "library",
            "autoload": {
                "psr-4": {
                    "Cake\\Utility\\": "."
                },
                "files": [
                    "bootstrap.php"
                ]
            },
            "notification-url": "https://packagist.org/downloads/",
            "license": [
                "MIT"
            ],
            "authors": [
                {
                    "name": "CakePHP Community",
                    "homepage": "https://github.com/cakephp/utility/graphs/contributors"
                }
            ],
            "description": "CakePHP Utility classes such as Inflector, String, Hash, and Security",
            "homepage": "https://cakephp.org",
            "keywords": [
                "cakephp",
                "hash",
                "inflector",
                "security",
                "string",
                "utility"
            ],
            "time": "2017-09-02T17:55:05+00:00"
        },
        {
            "name": "cakephp/validation",
            "version": "3.5.2",
            "source": {
                "type": "git",
                "url": "https://github.com/cakephp/validation.git",
                "reference": "5fbfbd1d6a35a25391757fe7eddf644874b78e2e"
            },
            "dist": {
                "type": "zip",
                "url": "https://api.github.com/repos/cakephp/validation/zipball/5fbfbd1d6a35a25391757fe7eddf644874b78e2e",
                "reference": "5fbfbd1d6a35a25391757fe7eddf644874b78e2e",
                "shasum": ""
            },
            "require": {
                "cakephp/utility": "^3.0.0",
                "php": ">=5.6.0",
                "psr/http-message": "^1.0.0"
            },
            "suggest": {
                "cakephp/i18n": "If you want to use Validation::localizedTime()"
            },
            "type": "library",
            "autoload": {
                "psr-4": {
                    "Cake\\Validation\\": "."
                }
            },
            "notification-url": "https://packagist.org/downloads/",
            "license": [
                "MIT"
            ],
            "authors": [
                {
                    "name": "CakePHP Community",
                    "homepage": "https://github.com/cakephp/validation/graphs/contributors"
                }
            ],
            "description": "CakePHP Validation library",
            "homepage": "https://cakephp.org",
            "keywords": [
                "cakephp",
                "data validation",
                "validation"
            ],
            "time": "2017-08-03T14:39:57+00:00"
        },
        {
            "name": "psr/http-message",
            "version": "1.0.1",
            "source": {
                "type": "git",
                "url": "https://github.com/php-fig/http-message.git",
                "reference": "f6561bf28d520154e4b0ec72be95418abe6d9363"
            },
            "dist": {
                "type": "zip",
                "url": "https://api.github.com/repos/php-fig/http-message/zipball/f6561bf28d520154e4b0ec72be95418abe6d9363",
                "reference": "f6561bf28d520154e4b0ec72be95418abe6d9363",
                "shasum": ""
            },
            "require": {
                "php": ">=5.3.0"
            },
            "type": "library",
            "extra": {
                "branch-alias": {
                    "dev-master": "1.0.x-dev"
                }
            },
            "autoload": {
                "psr-4": {
                    "Psr\\Http\\Message\\": "src/"
                }
            },
            "notification-url": "https://packagist.org/downloads/",
            "license": [
                "MIT"
            ],
            "authors": [
                {
                    "name": "PHP-FIG",
                    "homepage": "http://www.php-fig.org/"
                }
            ],
            "description": "Common interface for HTTP messages",
            "homepage": "https://github.com/php-fig/http-message",
            "keywords": [
                "http",
                "http-message",
                "psr",
                "psr-7",
                "request",
                "response"
            ],
            "time": "2016-08-06T14:39:51+00:00"
        },
        {
            "name": "twig/extensions",
            "version": "v1.5.1",
            "source": {
                "type": "git",
                "url": "https://github.com/twigphp/Twig-extensions.git",
                "reference": "d188c76168b853481cc75879ea045bf93d718e9c"
            },
            "dist": {
                "type": "zip",
                "url": "https://api.github.com/repos/twigphp/Twig-extensions/zipball/d188c76168b853481cc75879ea045bf93d718e9c",
                "reference": "d188c76168b853481cc75879ea045bf93d718e9c",
                "shasum": ""
            },
            "require": {
                "twig/twig": "~1.27|~2.0"
            },
            "require-dev": {
                "symfony/phpunit-bridge": "~3.3@dev",
                "symfony/translation": "~2.3|~3.0"
            },
            "suggest": {
                "symfony/translation": "Allow the time_diff output to be translated"
            },
            "type": "library",
            "extra": {
                "branch-alias": {
                    "dev-master": "1.5-dev"
                }
            },
            "autoload": {
                "psr-0": {
                    "Twig_Extensions_": "lib/"
                },
                "psr-4": {
                    "Twig\\Extensions\\": "src/"
                }
            },
            "notification-url": "https://packagist.org/downloads/",
            "license": [
                "MIT"
            ],
            "authors": [
                {
                    "name": "Fabien Potencier",
                    "email": "fabien@symfony.com"
                }
            ],
            "description": "Common additional features for Twig that do not directly belong in core",
            "homepage": "http://twig.sensiolabs.org/doc/extensions/index.html",
            "keywords": [
                "i18n",
                "text"
            ],
            "time": "2017-06-08T18:19:53+00:00"
        },
        {
            "name": "twig/twig",
            "version": "v1.35.0",
            "source": {
                "type": "git",
                "url": "https://github.com/twigphp/Twig.git",
                "reference": "daa657073e55b0a78cce8fdd22682fddecc6385f"
            },
            "dist": {
                "type": "zip",
                "url": "https://api.github.com/repos/twigphp/Twig/zipball/daa657073e55b0a78cce8fdd22682fddecc6385f",
                "reference": "daa657073e55b0a78cce8fdd22682fddecc6385f",
                "shasum": ""
            },
            "require": {
                "php": ">=5.3.3"
            },
            "require-dev": {
                "psr/container": "^1.0",
                "symfony/debug": "~2.7",
                "symfony/phpunit-bridge": "~3.3@dev"
            },
            "type": "library",
            "extra": {
                "branch-alias": {
                    "dev-master": "1.35-dev"
                }
            },
            "autoload": {
                "psr-0": {
                    "Twig_": "lib/"
                },
                "psr-4": {
                    "Twig\\": "src/"
                }
            },
            "notification-url": "https://packagist.org/downloads/",
            "license": [
                "BSD-3-Clause"
            ],
            "authors": [
                {
                    "name": "Fabien Potencier",
                    "email": "fabien@symfony.com",
                    "homepage": "http://fabien.potencier.org",
                    "role": "Lead Developer"
                },
                {
                    "name": "Armin Ronacher",
                    "email": "armin.ronacher@active-4.com",
                    "role": "Project Founder"
                },
                {
                    "name": "Twig Team",
                    "homepage": "http://twig.sensiolabs.org/contributors",
                    "role": "Contributors"
                }
            ],
            "description": "Twig, the flexible, fast, and secure template language for PHP",
            "homepage": "http://twig.sensiolabs.org",
            "keywords": [
                "templating"
            ],
            "time": "2017-09-27T18:06:46+00:00"
        }
    ],
    "packages-dev": [],
    "aliases": [],
    "minimum-stability": "stable",
    "stability-flags": [],
    "prefer-stable": false,
    "prefer-lowest": false,
    "platform": {
        "php": ">=5.6.0"
    },
    "platform-dev": []
}
